// !$*UTF8*$!
{
	archiveVersion = 1;
	classes = {
	};
	objectVersion = 52;
	objects = {

/* Begin PBXBuildFile section */
		2D1913AC23E51E36003F8B23 /* AppDelegate.swift in Sources */ = {isa = PBXBuildFile; fileRef = 2D1913AB23E51E36003F8B23 /* AppDelegate.swift */; };
		2D1913AE23E51E36003F8B23 /* SceneDelegate.swift in Sources */ = {isa = PBXBuildFile; fileRef = 2D1913AD23E51E36003F8B23 /* SceneDelegate.swift */; };
		2D1913B023E51E36003F8B23 /* ContentView.swift in Sources */ = {isa = PBXBuildFile; fileRef = 2D1913AF23E51E36003F8B23 /* ContentView.swift */; };
		2D1913B223E51E37003F8B23 /* Assets.xcassets in Resources */ = {isa = PBXBuildFile; fileRef = 2D1913B123E51E37003F8B23 /* Assets.xcassets */; };
		2D1913B523E51E37003F8B23 /* Preview Assets.xcassets in Resources */ = {isa = PBXBuildFile; fileRef = 2D1913B423E51E37003F8B23 /* Preview Assets.xcassets */; };
		2D1913B823E51E37003F8B23 /* LaunchScreen.storyboard in Resources */ = {isa = PBXBuildFile; fileRef = 2D1913B623E51E37003F8B23 /* LaunchScreen.storyboard */; };
		2DC74185241C81CC008E4A23 /* Alamofire in Frameworks */ = {isa = PBXBuildFile; productRef = 2DC74184241C81CC008E4A23 /* Alamofire */; };
/* End PBXBuildFile section */

/* Begin PBXFileReference section */
		2D1913A823E51E36003F8B23 /* Duo.app */ = {isa = PBXFileReference; explicitFileType = wrapper.application; includeInIndex = 0; path = Duo.app; sourceTree = BUILT_PRODUCTS_DIR; };
		2D1913AB23E51E36003F8B23 /* AppDelegate.swift */ = {isa = PBXFileReference; lastKnownFileType = sourcecode.swift; path = AppDelegate.swift; sourceTree = "<group>"; };
		2D1913AD23E51E36003F8B23 /* SceneDelegate.swift */ = {isa = PBXFileReference; lastKnownFileType = sourcecode.swift; path = SceneDelegate.swift; sourceTree = "<group>"; };
		2D1913AF23E51E36003F8B23 /* ContentView.swift */ = {isa = PBXFileReference; lastKnownFileType = sourcecode.swift; path = ContentView.swift; sourceTree = "<group>"; };
		2D1913B123E51E37003F8B23 /* Assets.xcassets */ = {isa = PBXFileReference; lastKnownFileType = folder.assetcatalog; path = Assets.xcassets; sourceTree = "<group>"; };
		2D1913B423E51E37003F8B23 /* Preview Assets.xcassets */ = {isa = PBXFileReference; lastKnownFileType = folder.assetcatalog; path = "Preview Assets.xcassets"; sourceTree = "<group>"; };
		2D1913B723E51E37003F8B23 /* Base */ = {isa = PBXFileReference; lastKnownFileType = file.storyboard; name = Base; path = Base.lproj/LaunchScreen.storyboard; sourceTree = "<group>"; };
		2D1913B923E51E37003F8B23 /* Info.plist */ = {isa = PBXFileReference; lastKnownFileType = text.plist.xml; path = Info.plist; sourceTree = "<group>"; };
		2D1913BF23E51ED8003F8B23 /* Duo.entitlements */ = {isa = PBXFileReference; lastKnownFileType = text.plist.entitlements; path = Duo.entitlements; sourceTree = "<group>"; };
		2DC7419F241C863A008E4A23 /* Game.framework */ = {isa = PBXFileReference; explicitFileType = wrapper.framework; path = Game.framework; sourceTree = BUILT_PRODUCTS_DIR; };
/* End PBXFileReference section */

/* Begin PBXFrameworksBuildPhase section */
		2D1913A523E51E36003F8B23 /* Frameworks */ = {
			isa = PBXFrameworksBuildPhase;
			buildActionMask = 2147483647;
			files = (
				2DC74185241C81CC008E4A23 /* Alamofire in Frameworks */,
			);
			runOnlyForDeploymentPostprocessing = 0;
		};
/* End PBXFrameworksBuildPhase section */

/* Begin PBXGroup section */
		2D19139F23E51E36003F8B23 = {
			isa = PBXGroup;
			children = (
				2D1913AA23E51E36003F8B23 /* Duo */,
				2D1913A923E51E36003F8B23 /* Products */,
				2DC7419E241C863A008E4A23 /* Frameworks */,
			);
			indentWidth = 2;
			sourceTree = "<group>";
			tabWidth = 2;
		};
		2D1913A923E51E36003F8B23 /* Products */ = {
			isa = PBXGroup;
			children = (
				2D1913A823E51E36003F8B23 /* Duo.app */,
			);
			name = Products;
			sourceTree = "<group>";
		};
		2D1913AA23E51E36003F8B23 /* Duo */ = {
			isa = PBXGroup;
			children = (
				2D1913BF23E51ED8003F8B23 /* Duo.entitlements */,
				2D1913AB23E51E36003F8B23 /* AppDelegate.swift */,
				2D1913AD23E51E36003F8B23 /* SceneDelegate.swift */,
				2D1913AF23E51E36003F8B23 /* ContentView.swift */,
				2D1913B123E51E37003F8B23 /* Assets.xcassets */,
				2D1913B623E51E37003F8B23 /* LaunchScreen.storyboard */,
				2D1913B923E51E37003F8B23 /* Info.plist */,
				2D1913B323E51E37003F8B23 /* Preview Content */,
			);
			path = Duo;
			sourceTree = "<group>";
		};
		2D1913B323E51E37003F8B23 /* Preview Content */ = {
			isa = PBXGroup;
			children = (
				2D1913B423E51E37003F8B23 /* Preview Assets.xcassets */,
			);
			path = "Preview Content";
			sourceTree = "<group>";
		};
		2DC7419E241C863A008E4A23 /* Frameworks */ = {
			isa = PBXGroup;
			children = (
				2DC7419F241C863A008E4A23 /* Game.framework */,
			);
			name = Frameworks;
			sourceTree = "<group>";
		};
/* End PBXGroup section */

/* Begin PBXNativeTarget section */
		2D1913A723E51E36003F8B23 /* Duo */ = {
			isa = PBXNativeTarget;
			buildConfigurationList = 2D1913BC23E51E37003F8B23 /* Build configuration list for PBXNativeTarget "Duo" */;
			buildPhases = (
				2D1913A423E51E36003F8B23 /* Sources */,
				2D1913A523E51E36003F8B23 /* Frameworks */,
				2D1913A623E51E36003F8B23 /* Resources */,
			);
			buildRules = (
			);
			dependencies = (
			);
			name = Duo;
			packageProductDependencies = (
				2DC74184241C81CC008E4A23 /* Alamofire */,
			);
			productName = Duo;
			productReference = 2D1913A823E51E36003F8B23 /* Duo.app */;
			productType = "com.apple.product-type.application";
		};
/* End PBXNativeTarget section */

/* Begin PBXProject section */
		2D1913A023E51E36003F8B23 /* Project object */ = {
			isa = PBXProject;
			attributes = {
				LastSwiftUpdateCheck = 1130;
				LastUpgradeCheck = 1130;
				ORGANIZATIONNAME = podo;
				TargetAttributes = {
					2D1913A723E51E36003F8B23 = {
						CreatedOnToolsVersion = 11.3.1;
					};
				};
			};
			buildConfigurationList = 2D1913A323E51E36003F8B23 /* Build configuration list for PBXProject "Duo" */;
			compatibilityVersion = "Xcode 9.3";
			developmentRegion = en;
			hasScannedForEncodings = 0;
			knownRegions = (
				en,
				Base,
			);
			mainGroup = 2D19139F23E51E36003F8B23;
			packageReferences = (
				2DC74183241C81CC008E4A23 /* XCRemoteSwiftPackageReference "Alamofire" */,
			);
			productRefGroup = 2D1913A923E51E36003F8B23 /* Products */;
			projectDirPath = "";
			projectRoot = "";
			targets = (
				2D1913A723E51E36003F8B23 /* Duo */,
			);
		};
/* End PBXProject section */

/* Begin PBXResourcesBuildPhase section */
		2D1913A623E51E36003F8B23 /* Resources */ = {
			isa = PBXResourcesBuildPhase;
			buildActionMask = 2147483647;
			files = (
				2D1913B823E51E37003F8B23 /* LaunchScreen.storyboard in Resources */,
				2D1913B523E51E37003F8B23 /* Preview Assets.xcassets in Resources */,
				2D1913B223E51E37003F8B23 /* Assets.xcassets in Resources */,
			);
			runOnlyForDeploymentPostprocessing = 0;
		};
/* End PBXResourcesBuildPhase section */

/* Begin PBXSourcesBuildPhase section */
		2D1913A423E51E36003F8B23 /* Sources */ = {
			isa = PBXSourcesBuildPhase;
			buildActionMask = 2147483647;
			files = (
				2D1913AC23E51E36003F8B23 /* AppDelegate.swift in Sources */,
				2D1913AE23E51E36003F8B23 /* SceneDelegate.swift in Sources */,
				2D1913B023E51E36003F8B23 /* ContentView.swift in Sources */,
			);
			runOnlyForDeploymentPostprocessing = 0;
		};
/* End PBXSourcesBuildPhase section */

/* Begin PBXVariantGroup section */
		2D1913B623E51E37003F8B23 /* LaunchScreen.storyboard */ = {
			isa = PBXVariantGroup;
			children = (
				2D1913B723E51E37003F8B23 /* Base */,
			);
			name = LaunchScreen.storyboard;
			sourceTree = "<group>";
		};
/* End PBXVariantGroup section */

/* Begin XCBuildConfiguration section */
		2D1913BA23E51E37003F8B23 /* Debug */ = {
			isa = XCBuildConfiguration;
			buildSettings = {
				ALWAYS_SEARCH_USER_PATHS = NO;
				CLANG_ANALYZER_NONNULL = YES;
				CLANG_ANALYZER_NUMBER_OBJECT_CONVERSION = YES_AGGRESSIVE;
				CLANG_CXX_LANGUAGE_STANDARD = "gnu++14";
				CLANG_CXX_LIBRARY = "libc++";
				CLANG_ENABLE_MODULES = YES;
				CLANG_ENABLE_OBJC_ARC = YES;
				CLANG_ENABLE_OBJC_WEAK = YES;
				CLANG_WARN_BLOCK_CAPTURE_AUTORELEASING = YES;
				CLANG_WARN_BOOL_CONVERSION = YES;
				CLANG_WARN_COMMA = YES;
				CLANG_WARN_CONSTANT_CONVERSION = YES;
				CLANG_WARN_DEPRECATED_OBJC_IMPLEMENTATIONS = YES;
				CLANG_WARN_DIRECT_OBJC_ISA_USAGE = YES_ERROR;
				CLANG_WARN_DOCUMENTATION_COMMENTS = YES;
				CLANG_WARN_EMPTY_BODY = YES;
				CLANG_WARN_ENUM_CONVERSION = YES;
				CLANG_WARN_INFINITE_RECURSION = YES;
				CLANG_WARN_INT_CONVERSION = YES;
				CLANG_WARN_NON_LITERAL_NULL_CONVERSION = YES;
				CLANG_WARN_OBJC_IMPLICIT_RETAIN_SELF = YES;
				CLANG_WARN_OBJC_LITERAL_CONVERSION = YES;
				CLANG_WARN_OBJC_ROOT_CLASS = YES_ERROR;
				CLANG_WARN_RANGE_LOOP_ANALYSIS = YES;
				CLANG_WARN_STRICT_PROTOTYPES = YES;
				CLANG_WARN_SUSPICIOUS_MOVE = YES;
				CLANG_WARN_UNGUARDED_AVAILABILITY = YES_AGGRESSIVE;
				CLANG_WARN_UNREACHABLE_CODE = YES;
				CLANG_WARN__DUPLICATE_METHOD_MATCH = YES;
				COPY_PHASE_STRIP = NO;
				DEBUG_INFORMATION_FORMAT = dwarf;
				ENABLE_STRICT_OBJC_MSGSEND = YES;
				ENABLE_TESTABILITY = YES;
				GCC_C_LANGUAGE_STANDARD = gnu11;
				GCC_DYNAMIC_NO_PIC = NO;
				GCC_NO_COMMON_BLOCKS = YES;
				GCC_OPTIMIZATION_LEVEL = 0;
				GCC_PREPROCESSOR_DEFINITIONS = (
					"DEBUG=1",
					"$(inherited)",
				);
				GCC_WARN_64_TO_32_BIT_CONVERSION = YES;
				GCC_WARN_ABOUT_RETURN_TYPE = YES_ERROR;
				GCC_WARN_UNDECLARED_SELECTOR = YES;
				GCC_WARN_UNINITIALIZED_AUTOS = YES_AGGRESSIVE;
				GCC_WARN_UNUSED_FUNCTION = YES;
				GCC_WARN_UNUSED_VARIABLE = YES;
				IPHONEOS_DEPLOYMENT_TARGET = 13.0;
				MTL_ENABLE_DEBUG_INFO = INCLUDE_SOURCE;
				MTL_FAST_MATH = YES;
				ONLY_ACTIVE_ARCH = YES;
				SDKROOT = iphoneos;
				SWIFT_ACTIVE_COMPILATION_CONDITIONS = DEBUG;
				SWIFT_OPTIMIZATION_LEVEL = "-Onone";
			};
			name = Debug;
		};
		2D1913BB23E51E37003F8B23 /* Release */ = {
			isa = XCBuildConfiguration;
			buildSettings = {
				ALWAYS_SEARCH_USER_PATHS = NO;
				CLANG_ANALYZER_NONNULL = YES;
				CLANG_ANALYZER_NUMBER_OBJECT_CONVERSION = YES_AGGRESSIVE;
				CLANG_CXX_LANGUAGE_STANDARD = "gnu++14";
				CLANG_CXX_LIBRARY = "libc++";
				CLANG_ENABLE_MODULES = YES;
				CLANG_ENABLE_OBJC_ARC = YES;
				CLANG_ENABLE_OBJC_WEAK = YES;
				CLANG_WARN_BLOCK_CAPTURE_AUTORELEASING = YES;
				CLANG_WARN_BOOL_CONVERSION = YES;
				CLANG_WARN_COMMA = YES;
				CLANG_WARN_CONSTANT_CONVERSION = YES;
				CLANG_WARN_DEPRECATED_OBJC_IMPLEMENTATIONS = YES;
				CLANG_WARN_DIRECT_OBJC_ISA_USAGE = YES_ERROR;
				CLANG_WARN_DOCUMENTATION_COMMENTS = YES;
				CLANG_WARN_EMPTY_BODY = YES;
				CLANG_WARN_ENUM_CONVERSION = YES;
				CLANG_WARN_INFINITE_RECURSION = YES;
				CLANG_WARN_INT_CONVERSION = YES;
				CLANG_WARN_NON_LITERAL_NULL_CONVERSION = YES;
				CLANG_WARN_OBJC_IMPLICIT_RETAIN_SELF = YES;
				CLANG_WARN_OBJC_LITERAL_CONVERSION = YES;
				CLANG_WARN_OBJC_ROOT_CLASS = YES_ERROR;
				CLANG_WARN_RANGE_LOOP_ANALYSIS = YES;
				CLANG_WARN_STRICT_PROTOTYPES = YES;
				CLANG_WARN_SUSPICIOUS_MOVE = YES;
				CLANG_WARN_UNGUARDED_AVAILABILITY = YES_AGGRESSIVE;
				CLANG_WARN_UNREACHABLE_CODE = YES;
				CLANG_WARN__DUPLICATE_METHOD_MATCH = YES;
				COPY_PHASE_STRIP = NO;
				DEBUG_INFORMATION_FORMAT = "dwarf-with-dsym";
				ENABLE_NS_ASSERTIONS = NO;
				ENABLE_STRICT_OBJC_MSGSEND = YES;
				GCC_C_LANGUAGE_STANDARD = gnu11;
				GCC_NO_COMMON_BLOCKS = YES;
				GCC_WARN_64_TO_32_BIT_CONVERSION = YES;
				GCC_WARN_ABOUT_RETURN_TYPE = YES_ERROR;
				GCC_WARN_UNDECLARED_SELECTOR = YES;
				GCC_WARN_UNINITIALIZED_AUTOS = YES_AGGRESSIVE;
				GCC_WARN_UNUSED_FUNCTION = YES;
				GCC_WARN_UNUSED_VARIABLE = YES;
				IPHONEOS_DEPLOYMENT_TARGET = 13.0;
				MTL_ENABLE_DEBUG_INFO = NO;
				MTL_FAST_MATH = YES;
				SDKROOT = iphoneos;
				SWIFT_COMPILATION_MODE = wholemodule;
				SWIFT_OPTIMIZATION_LEVEL = "-O";
				VALIDATE_PRODUCT = YES;
			};
			name = Release;
		};
		2D1913BD23E51E37003F8B23 /* Debug */ = {
			isa = XCBuildConfiguration;
			buildSettings = {
				ASSETCATALOG_COMPILER_APPICON_NAME = AppIcon;
				CODE_SIGN_ENTITLEMENTS = Duo/Duo.entitlements;
				CODE_SIGN_STYLE = Automatic;
				DERIVE_MACCATALYST_PRODUCT_BUNDLE_IDENTIFIER = YES;
				DEVELOPMENT_ASSET_PATHS = "\"Duo/Preview Content\"";
				DEVELOPMENT_TEAM = 7KW522KWZF;
				ENABLE_PREVIEWS = YES;
				INFOPLIST_FILE = Duo/Info.plist;
				IPHONEOS_DEPLOYMENT_TARGET = 13.0;
				LD_RUNPATH_SEARCH_PATHS = (
					"$(inherited)",
					"@executable_path/Frameworks",
				);
				MARKETING_VERSION = 0.9.0;
				PRODUCT_BUNDLE_IDENTIFIER = com.podo.duo;
				PRODUCT_NAME = "$(TARGET_NAME)";
				SUPPORTS_MACCATALYST = YES;
				SWIFT_VERSION = 5.0;
				TARGETED_DEVICE_FAMILY = "1,2";
			};
			name = Debug;
		};
		2D1913BE23E51E37003F8B23 /* Release */ = {
			isa = XCBuildConfiguration;
			buildSettings = {
				ASSETCATALOG_COMPILER_APPICON_NAME = AppIcon;
				CODE_SIGN_ENTITLEMENTS = Duo/Duo.entitlements;
				CODE_SIGN_STYLE = Automatic;
				DERIVE_MACCATALYST_PRODUCT_BUNDLE_IDENTIFIER = YES;
				DEVELOPMENT_ASSET_PATHS = "\"Duo/Preview Content\"";
				DEVELOPMENT_TEAM = 7KW522KWZF;
				ENABLE_PREVIEWS = YES;
				INFOPLIST_FILE = Duo/Info.plist;
				IPHONEOS_DEPLOYMENT_TARGET = 13.0;
				LD_RUNPATH_SEARCH_PATHS = (
					"$(inherited)",
					"@executable_path/Frameworks",
				);
				MARKETING_VERSION = 0.9.0;
				PRODUCT_BUNDLE_IDENTIFIER = com.podo.duo;
				PRODUCT_NAME = "$(TARGET_NAME)";
				SUPPORTS_MACCATALYST = YES;
				SWIFT_VERSION = 5.0;
				TARGETED_DEVICE_FAMILY = "1,2";
			};
			name = Release;
		};
/* End XCBuildConfiguration section */

/* Begin XCConfigurationList section */
		2D1913A323E51E36003F8B23 /* Build configuration list for PBXProject "Duo" */ = {
			isa = XCConfigurationList;
			buildConfigurations = (
				2D1913BA23E51E37003F8B23 /* Debug */,
				2D1913BB23E51E37003F8B23 /* Release */,
			);
			defaultConfigurationIsVisible = 0;
			defaultConfigurationName = Release;
		};
		2D1913BC23E51E37003F8B23 /* Build configuration list for PBXNativeTarget "Duo" */ = {
			isa = XCConfigurationList;
			buildConfigurations = (
				2D1913BD23E51E37003F8B23 /* Debug */,
				2D1913BE23E51E37003F8B23 /* Release */,
			);
			defaultConfigurationIsVisible = 0;
			defaultConfigurationName = Release;
		};
/* End XCConfigurationList section */

/* Begin XCRemoteSwiftPackageReference section */
		2DC74183241C81CC008E4A23 /* XCRemoteSwiftPackageReference "Alamofire" */ = {
			isa = XCRemoteSwiftPackageReference;
			repositoryURL = "https://github.com/Alamofire/Alamofire.git";
			requirement = {
				kind = upToNextMajorVersion;
				minimumVersion = 5.0.2;
			};
		};
/* End XCRemoteSwiftPackageReference section */

/* Begin XCSwiftPackageProductDependency section */
		2DC74184241C81CC008E4A23 /* Alamofire */ = {
			isa = XCSwiftPackageProductDependency;
			package = 2DC74183241C81CC008E4A23 /* XCRemoteSwiftPackageReference "Alamofire" */;
			productName = Alamofire;
		};
/* End XCSwiftPackageProductDependency section */
	};
	rootObject = 2D1913A023E51E36003F8B23 /* Project object */;
}
